{
  "requires": true,
  "lockfileVersion": 1,
  "dependencies": {
    "rollup": {
      "version": "0.43.0",
      "resolved": "https://registry.npmjs.org/rollup/-/rollup-0.43.0.tgz",
      "integrity": "sha512-XqpEPAMHCJ4VcT95ApyGQC7MncjGcG6UtcU5geONqPfN2uAROGmJDE3cOi325S19rhklbM+BXIHNX35l+1zmAg==",
      "dev": true,
      "requires": {
        "source-map-support": "0.4.15"
      }
    },
    "source-map": {
      "version": "0.5.7",
      "resolved": "https://registry.npmjs.org/source-map/-/source-map-0.5.7.tgz",
      "integrity": "sha1-igOdLRAh0i0eoUyA2OpGi6LvP8w=",
      "dev": true
    },
    "source-map-support": {
      "version": "0.4.15",
      "resolved": "https://registry.npmjs.org/source-map-support/-/source-map-support-0.4.15.tgz",
      "integrity": "sha1-AyAt9lwG0r2MfsI2KhkwVv7407E=",
      "dev": true,
      "requires": {
        "source-map": "0.5.7"
      }
    }
  }
}
